
Microsoft Visual Studio Solution File, Format Version 12.00
# Visual Studio Version 17
VisualStudioVersion = 17.7.34202.233
MinimumVisualStudioVersion = 10.0.40219.1
Project("{9A19103F-16F7-4668-BE54-9A1E7A4F7556}") = "Cloudie", "Cloudie\Cloudie.csproj", "{17EA4DAE-E17D-4588-A2F7-BEFB60CF5FD9}"
EndProject
Project("{9A19103F-16F7-4668-BE54-9A1E7A4F7556}") = "CloudieTesting", "CloudieTesting\CloudieTesting.csproj", "{C17578F8-7DC2-4BD0-96B4-EE011034B2C3}"
EndProject
Global
	GlobalSection(SolutionConfigurationPlatforms) = preSolution
		Debug|Any CPU = Debug|Any CPU
		Release|Any CPU = Release|Any CPU
	EndGlobalSection
	GlobalSection(ProjectConfigurationPlatforms) = postSolution
		{17EA4DAE-E17D-4588-A2F7-BEFB60CF5FD9}.Debug|Any CPU.ActiveCfg = Debug|Any CPU
		{17EA4DAE-E17D-4588-A2F7-BEFB60CF5FD9}.Debug|Any CPU.Build.0 = Debug|Any CPU
		{17EA4DAE-E17D-4588-A2F7-BEFB60CF5FD9}.Release|Any CPU.ActiveCfg = Release|Any CPU
		{17EA4DAE-E17D-4588-A2F7-BEFB60CF5FD9}.Release|Any CPU.Build.0 = Release|Any CPU
		{C17578F8-7DC2-4BD0-96B4-EE011034B2C3}.Debug|Any CPU.ActiveCfg = Debug|Any CPU
		{C17578F8-7DC2-4BD0-96B4-EE011034B2C3}.Debug|Any CPU.Build.0 = Debug|Any CPU
		{C17578F8-7DC2-4BD0-96B4-EE011034B2C3}.Release|Any CPU.ActiveCfg = Release|Any CPU
		{C17578F8-7DC2-4BD0-96B4-EE011034B2C3}.Release|Any CPU.Build.0 = Release|Any CPU
	EndGlobalSection
	GlobalSection(SolutionProperties) = preSolution
		HideSolutionNode = FALSE
	EndGlobalSection
	GlobalSection(ExtensibilityGlobals) = postSolution
		SolutionGuid = {12604B26-AF41-4ACC-B106-A4C10E8819DC}
	EndGlobalSection
EndGlobal
